
Microsoft Visual Studio Solution File, Format Version 12.00
# Visual Studio 15
VisualStudioVersion = 15.0.27130.2010
MinimumVisualStudioVersion = 10.0.40219.1
Project("{FAE04EC0-301F-11D3-BF4B-00C04F79EFBC}") = "NelsonCarsalesNetCore", "NelsonCarsalesNetCore\NelsonCarsalesNetCore.csproj", "{55B57E6C-4BAB-46B1-9109-C094CA3F7904}"
EndProject
Global
	GlobalSection(SolutionConfigurationPlatforms) = preSolution
		Debug|Any CPU = Debug|Any CPU
		Release|Any CPU = Release|Any CPU
	EndGlobalSection
	GlobalSection(ProjectConfigurationPlatforms) = postSolution
		{55B57E6C-4BAB-46B1-9109-C094CA3F7904}.Debug|Any CPU.ActiveCfg = Debug|Any CPU
		{55B57E6C-4BAB-46B1-9109-C094CA3F7904}.Debug|Any CPU.Build.0 = Debug|Any CPU
		{55B57E6C-4BAB-46B1-9109-C094CA3F7904}.Release|Any CPU.ActiveCfg = Release|Any CPU
		{55B57E6C-4BAB-46B1-9109-C094CA3F7904}.Release|Any CPU.Build.0 = Release|Any CPU
	EndGlobalSection
	GlobalSection(SolutionProperties) = preSolution
		HideSolutionNode = FALSE
	EndGlobalSection
	GlobalSection(ExtensibilityGlobals) = postSolution
		SolutionGuid = {F82C28E9-D455-49D0-A457-1EF309BA25C0}
	EndGlobalSection
EndGlobal
